lockfileVersion: 5.3

importers:

  .:
    specifiers:
      '@types/node': ^17.0.0
      '@vue/reactivity': ^3.2.26
      execa: ^5.1.1
      rollup: ^2.61.1
      rollup-plugin-typescript2: ^0.31.1
      ts-node: ^10.4.0
      tslib: ^2.3.1
      typescript: ^4.5.4
      vue: ^3.2.26
    dependencies:
      '@vue/reactivity': 3.2.26
      vue: 3.2.26
    devDependencies:
      '@types/node': 17.0.0
      execa: 5.1.1
      rollup: 2.61.1
      rollup-plugin-typescript2: 0.31.1_ea43de757ec8bcfb90b2886d79278d56
      ts-node: 10.4.0_cb9fa2b677905e47db2aeff929cdeb55
      tslib: 2.3.1
      typescript: 4.5.4

  packages/reactivity:
    specifiers: {}

  packages/shared:
    specifiers: {}

packages:

  /@babel/parser/7.16.6:
    resolution: {integrity: sha512-Gr86ujcNuPDnNOY8mi383Hvi8IYrJVJYuf3XcuBM/Dgd+bINn/7tHqsj+tKkoreMbmGsFLsltI/JJd8fOFWGDQ==, tarball: '@babel/parser/download/@babel/parser-7.16.6.tgz'}
    engines: {node: '>=6.0.0'}
    hasBin: true
    dev: false

  /@cspotcode/source-map-consumer/0.8.0:
    resolution: {integrity: sha1-M79LeznBeIIWBvZpu8RHpqYpeGs=, tarball: '@cspotcode/source-map-consumer/download/@cspotcode/source-map-consumer-0.8.0.tgz'}
    engines: {node: '>= 12'}
    dev: true

  /@cspotcode/source-map-support/0.7.0:
    resolution: {integrity: sha1-R4mECqhZ5G0vMXNyercHxmvzRPU=, tarball: '@cspotcode/source-map-support/download/@cspotcode/source-map-support-0.7.0.tgz'}
    engines: {node: '>=12'}
    dependencies:
      '@cspotcode/source-map-consumer': 0.8.0
    dev: true

  /@rollup/pluginutils/4.1.2:
    resolution: {integrity: sha512-ROn4qvkxP9SyPeHaf7uQC/GPFY6L/OWy9+bd9AwcjOAWQwxRscoEyAUD8qCY5o5iL4jqQwoLk2kaTKJPb/HwzQ==, tarball: '@rollup/pluginutils/download/@rollup/pluginutils-4.1.2.tgz'}
    engines: {node: '>= 8.0.0'}
    dependencies:
      estree-walker: 2.0.2
      picomatch: 2.3.0
    dev: true

  /@ts-type/package-dts/1.0.56_@types+node@17.0.0:
    resolution: {integrity: sha512-nBjbCaVV+R81jk7q/6sRuNYOhDAbBOmaCkPI2quK0Rnye2f4FUHX+4JL+3rDPiRPHxgX3pNfVKKHBlPAHiRddw==, tarball: '@ts-type/package-dts/download/@ts-type/package-dts-1.0.56.tgz'}
    dependencies:
      '@types/semver': 7.3.9
      ts-type: 2.1.2_@types+node@17.0.0
    transitivePeerDependencies:
      - '@types/bluebird'
      - '@types/node'
      - ts-toolbelt
    dev: true

  /@tsconfig/node10/1.0.8:
    resolution: {integrity: sha1-weToDW+WT77LM1nEO9SLQPfK2tk=, tarball: '@tsconfig/node10/download/@tsconfig/node10-1.0.8.tgz'}
    dev: true

  /@tsconfig/node12/1.0.9:
    resolution: {integrity: sha1-YsH23uLr2a6tgNw6+laBDljhoEw=, tarball: '@tsconfig/node12/download/@tsconfig/node12-1.0.9.tgz'}
    dev: true

  /@tsconfig/node14/1.0.1:
    resolution: {integrity: sha1-lfLRZ/+5uNIGiwsjUwL6/U33EfI=, tarball: '@tsconfig/node14/download/@tsconfig/node14-1.0.1.tgz'}
    dev: true

  /@tsconfig/node16/1.0.2:
    resolution: {integrity: sha1-Qjx3h30Fadsg4fyAiFrEEYMUAQ4=, tarball: '@tsconfig/node16/download/@tsconfig/node16-1.0.2.tgz'}
    dev: true

  /@types/node/17.0.0:
    resolution: {integrity: sha512-eMhwJXc931Ihh4tkU+Y7GiLzT/y/DBNpNtr4yU9O2w3SYBsr9NaOPhQlLKRmoWtI54uNwuo0IOUFQjVOTZYRvw==, tarball: '@types/node/download/@types/node-17.0.0.tgz'}
    dev: true

  /@types/semver/7.3.9:
    resolution: {integrity: sha1-FSxsIKdojDC5Z+wYQdMazlaYY/w=, tarball: '@types/semver/download/@types/semver-7.3.9.tgz'}
    dev: true

  /@vue/compiler-core/3.2.26:
    resolution: {integrity: sha512-N5XNBobZbaASdzY9Lga2D9Lul5vdCIOXvUMd6ThcN8zgqQhPKfCV+wfAJNNJKQkSHudnYRO2gEB+lp0iN3g2Tw==, tarball: '@vue/compiler-core/download/@vue/compiler-core-3.2.26.tgz'}
    dependencies:
      '@babel/parser': 7.16.6
      '@vue/shared': 3.2.26
      estree-walker: 2.0.2
      source-map: 0.6.1
    dev: false

  /@vue/compiler-dom/3.2.26:
    resolution: {integrity: sha512-smBfaOW6mQDxcT3p9TKT6mE22vjxjJL50GFVJiI0chXYGU/xzC05QRGrW3HHVuJrmLTLx5zBhsZ2dIATERbarg==, tarball: '@vue/compiler-dom/download/@vue/compiler-dom-3.2.26.tgz'}
    dependencies:
      '@vue/compiler-core': 3.2.26
      '@vue/shared': 3.2.26
    dev: false

  /@vue/compiler-sfc/3.2.26:
    resolution: {integrity: sha512-ePpnfktV90UcLdsDQUh2JdiTuhV0Skv2iYXxfNMOK/F3Q+2BO0AulcVcfoksOpTJGmhhfosWfMyEaEf0UaWpIw==, tarball: '@vue/compiler-sfc/download/@vue/compiler-sfc-3.2.26.tgz'}
    dependencies:
      '@babel/parser': 7.16.6
      '@vue/compiler-core': 3.2.26
      '@vue/compiler-dom': 3.2.26
      '@vue/compiler-ssr': 3.2.26
      '@vue/reactivity-transform': 3.2.26
      '@vue/shared': 3.2.26
      estree-walker: 2.0.2
      magic-string: 0.25.7
      postcss: 8.4.5
      source-map: 0.6.1
    dev: false

  /@vue/compiler-ssr/3.2.26:
    resolution: {integrity: sha512-2mywLX0ODc4Zn8qBoA2PDCsLEZfpUGZcyoFRLSOjyGGK6wDy2/5kyDOWtf0S0UvtoyVq95OTSGIALjZ4k2q/ag==, tarball: '@vue/compiler-ssr/download/@vue/compiler-ssr-3.2.26.tgz'}
    dependencies:
      '@vue/compiler-dom': 3.2.26
      '@vue/shared': 3.2.26
    dev: false

  /@vue/reactivity-transform/3.2.26:
    resolution: {integrity: sha512-XKMyuCmzNA7nvFlYhdKwD78rcnmPb7q46uoR00zkX6yZrUmcCQ5OikiwUEVbvNhL5hBJuvbSO95jB5zkUon+eQ==, tarball: '@vue/reactivity-transform/download/@vue/reactivity-transform-3.2.26.tgz'}
    dependencies:
      '@babel/parser': 7.16.6
      '@vue/compiler-core': 3.2.26
      '@vue/shared': 3.2.26
      estree-walker: 2.0.2
      magic-string: 0.25.7
    dev: false

  /@vue/reactivity/3.2.26:
    resolution: {integrity: sha512-h38bxCZLW6oFJVDlCcAiUKFnXI8xP8d+eO0pcDxx+7dQfSPje2AO6M9S9QO6MrxQB7fGP0DH0dYQ8ksf6hrXKQ==, tarball: '@vue/reactivity/download/@vue/reactivity-3.2.26.tgz'}
    dependencies:
      '@vue/shared': 3.2.26
    dev: false

  /@vue/runtime-core/3.2.26:
    resolution: {integrity: sha512-BcYi7qZ9Nn+CJDJrHQ6Zsmxei2hDW0L6AB4vPvUQGBm2fZyC0GXd/4nVbyA2ubmuhctD5RbYY8L+5GUJszv9mQ==, tarball: '@vue/runtime-core/download/@vue/runtime-core-3.2.26.tgz'}
    dependencies:
      '@vue/reactivity': 3.2.26
      '@vue/shared': 3.2.26
    dev: false

  /@vue/runtime-dom/3.2.26:
    resolution: {integrity: sha512-dY56UIiZI+gjc4e8JQBwAifljyexfVCkIAu/WX8snh8vSOt/gMSEGwPRcl2UpYpBYeyExV8WCbgvwWRNt9cHhQ==, tarball: '@vue/runtime-dom/download/@vue/runtime-dom-3.2.26.tgz'}
    dependencies:
      '@vue/runtime-core': 3.2.26
      '@vue/shared': 3.2.26
      csstype: 2.6.19
    dev: false

  /@vue/server-renderer/3.2.26_vue@3.2.26:
    resolution: {integrity: sha512-Jp5SggDUvvUYSBIvYEhy76t4nr1vapY/FIFloWmQzn7UxqaHrrBpbxrqPcTrSgGrcaglj0VBp22BKJNre4aA1w==, tarball: '@vue/server-renderer/download/@vue/server-renderer-3.2.26.tgz'}
    peerDependencies:
      vue: 3.2.26
    dependencies:
      '@vue/compiler-ssr': 3.2.26
      '@vue/shared': 3.2.26
      vue: 3.2.26
    dev: false

  /@vue/shared/3.2.26:
    resolution: {integrity: sha512-vPV6Cq+NIWbH5pZu+V+2QHE9y1qfuTq49uNWw4f7FDEeZaDU2H2cx5jcUZOAKW7qTrUS4k6qZPbMy1x4N96nbA==, tarball: '@vue/shared/download/@vue/shared-3.2.26.tgz'}
    dev: false

  /@yarn-tool/resolve-package/1.0.40_@types+node@17.0.0:
    resolution: {integrity: sha512-5kKRhGb8OCdpzuoGkb9BQw6biyY0zYesV3VyvEzRtb/cqZ7AR6o0ajR6q83jTaCJfYUaJaUPyXVOSZAUjWJQDQ==, tarball: '@yarn-tool/resolve-package/download/@yarn-tool/resolve-package-1.0.40.tgz'}
    dependencies:
      '@ts-type/package-dts': 1.0.56_@types+node@17.0.0
      pkg-dir: 5.0.0
      tslib: 2.3.1
      upath2: 3.1.10_@types+node@17.0.0
    transitivePeerDependencies:
      - '@types/bluebird'
      - '@types/node'
      - ts-toolbelt
    dev: true

  /acorn-walk/8.2.0:
    resolution: {integrity: sha1-dBIQ8uJCZFRQiFOi9E0KuDt/acE=, tarball: acorn-walk/download/acorn-walk-8.2.0.tgz}
    engines: {node: '>=0.4.0'}
    dev: true

  /acorn/8.6.0:
    resolution: {integrity: sha512-U1riIR+lBSNi3IbxtaHOIKdH8sLFv3NYfNv8sg7ZsNhcfl4HF2++BfqqrNAxoCLQW1iiylOj76ecnaUxz+z9yw==, tarball: acorn/download/acorn-8.6.0.tgz}
    engines: {node: '>=0.4.0'}
    hasBin: true
    dev: true

  /arg/4.1.3:
    resolution: {integrity: sha1-Jp/HrVuOQstjyJbVZmAXJhwUQIk=, tarball: arg/download/arg-4.1.3.tgz}
    dev: true

  /commondir/1.0.1:
    resolution: {integrity: sha1-3dgA2gxmEnOTzKWVDqloo6rxJTs=, tarball: commondir/download/commondir-1.0.1.tgz}
    dev: true

  /create-require/1.1.1:
    resolution: {integrity: sha1-wdfo8eX2z8n/ZfnNNS03NIdWwzM=, tarball: create-require/download/create-require-1.1.1.tgz}
    dev: true

  /cross-spawn/7.0.3:
    resolution: {integrity: sha1-9zqFudXUHQRVUcF34ogtSshXKKY=, tarball: cross-spawn/download/cross-spawn-7.0.3.tgz}
    engines: {node: '>= 8'}
    dependencies:
      path-key: 3.1.1
      shebang-command: 2.0.0
      which: 2.0.2
    dev: true

  /csstype/2.6.19:
    resolution: {integrity: sha512-ZVxXaNy28/k3kJg0Fou5MiYpp88j7H9hLZp8PDC3jV0WFjfH5E9xHb56L0W59cPbKbcHXeP4qyT8PrHp8t6LcQ==, tarball: csstype/download/csstype-2.6.19.tgz}
    dev: false

  /diff/4.0.2:
    resolution: {integrity: sha1-YPOuy4nV+uUgwRqhnvwruYKq3n0=, tarball: diff/download/diff-4.0.2.tgz}
    engines: {node: '>=0.3.1'}
    dev: true

  /estree-walker/2.0.2:
    resolution: {integrity: sha1-UvAQF4wqTBF6d1fP6UKtt9LaTKw=, tarball: estree-walker/download/estree-walker-2.0.2.tgz}

  /execa/5.1.1:
    resolution: {integrity: sha1-+ArZy/Qpj3vR1MlVXCHpN0HEEd0=, tarball: execa/download/execa-5.1.1.tgz}
    engines: {node: '>=10'}
    dependencies:
      cross-spawn: 7.0.3
      get-stream: 6.0.1
      human-signals: 2.1.0
      is-stream: 2.0.1
      merge-stream: 2.0.0
      npm-run-path: 4.0.1
      onetime: 5.1.2
      signal-exit: 3.0.6
      strip-final-newline: 2.0.0
    dev: true

  /find-cache-dir/3.3.2:
    resolution: {integrity: sha1-swxbbv8HMHMa6pu9nb7L2AJW1ks=, tarball: find-cache-dir/download/find-cache-dir-3.3.2.tgz}
    engines: {node: '>=8'}
    dependencies:
      commondir: 1.0.1
      make-dir: 3.1.0
      pkg-dir: 4.2.0
    dev: true

  /find-up/4.1.0:
    resolution: {integrity: sha1-l6/n1s3AvFkoWEt8jXsW6KmqXRk=, tarball: find-up/download/find-up-4.1.0.tgz?cache=0&sync_timestamp=1636728932081&other_urls=https%3A%2F%2Fregistry.npmmirror.com%2Ffind-up%2Fdownload%2Ffind-up-4.1.0.tgz}
    engines: {node: '>=8'}
    dependencies:
      locate-path: 5.0.0
      path-exists: 4.0.0
    dev: true

  /find-up/5.0.0:
    resolution: {integrity: sha1-TJKBnstwg1YeT0okCoa+UZj1Nvw=, tarball: find-up/download/find-up-5.0.0.tgz?cache=0&sync_timestamp=1636728932081&other_urls=https%3A%2F%2Fregistry.npmmirror.com%2Ffind-up%2Fdownload%2Ffind-up-5.0.0.tgz}
    engines: {node: '>=10'}
    dependencies:
      locate-path: 6.0.0
      path-exists: 4.0.0
    dev: true

  /fs-extra/8.1.0:
    resolution: {integrity: sha1-SdQ8RaiM2Wd2aMt74bRu/bjS4cA=, tarball: fs-extra/download/fs-extra-8.1.0.tgz?cache=0&sync_timestamp=1637314790519&other_urls=https%3A%2F%2Fregistry.npmmirror.com%2Ffs-extra%2Fdownload%2Ffs-extra-8.1.0.tgz}
    engines: {node: '>=6 <7 || >=8'}
    dependencies:
      graceful-fs: 4.2.8
      jsonfile: 4.0.0
      universalify: 0.1.2
    dev: true

  /fsevents/2.3.2:
    resolution: {integrity: sha1-ilJveLj99GI7cJ4Ll1xSwkwC/Ro=, tarball: fsevents/download/fsevents-2.3.2.tgz}
    engines: {node: ^8.16.0 || ^10.6.0 || >=11.0.0}
    os: [darwin]
    requiresBuild: true
    dev: true
    optional: true

  /function-bind/1.1.1:
    resolution: {integrity: sha1-pWiZ0+o8m6uHS7l3O3xe3pL0iV0=, tarball: function-bind/download/function-bind-1.1.1.tgz}
    dev: true

  /get-stream/6.0.1:
    resolution: {integrity: sha1-omLY7vZ6ztV8KFKtYWdSakPL97c=, tarball: get-stream/download/get-stream-6.0.1.tgz}
    engines: {node: '>=10'}
    dev: true

  /graceful-fs/4.2.8:
    resolution: {integrity: sha1-5BK40z9eAGWTy9PO5t+fLOu+gCo=, tarball: graceful-fs/download/graceful-fs-4.2.8.tgz}
    dev: true

  /has/1.0.3:
    resolution: {integrity: sha1-ci18v8H2qoJB8W3YFOAR4fQeh5Y=, tarball: has/download/has-1.0.3.tgz}
    engines: {node: '>= 0.4.0'}
    dependencies:
      function-bind: 1.1.1
    dev: true

  /human-signals/2.1.0:
    resolution: {integrity: sha1-3JH8ukLk0G5Kuu0zs+ejwC9RTqA=, tarball: human-signals/download/human-signals-2.1.0.tgz}
    engines: {node: '>=10.17.0'}
    dev: true

  /is-core-module/2.8.0:
    resolution: {integrity: sha1-AyEzbD0JJeSX/Zf12VyxFKXM1Ug=, tarball: is-core-module/download/is-core-module-2.8.0.tgz}
    dependencies:
      has: 1.0.3
    dev: true

  /is-stream/2.0.1:
    resolution: {integrity: sha1-+sHj1TuXrVqdCunO8jifWBClwHc=, tarball: is-stream/download/is-stream-2.0.1.tgz}
    engines: {node: '>=8'}
    dev: true

  /isexe/2.0.0:
    resolution: {integrity: sha1-6PvzdNxVb/iUehDcsFctYz8s+hA=, tarball: isexe/download/isexe-2.0.0.tgz}
    dev: true

  /jsonfile/4.0.0:
    resolution: {integrity: sha1-h3Gq4HmbZAdrdmQPygWPnBDjPss=, tarball: jsonfile/download/jsonfile-4.0.0.tgz}
    optionalDependencies:
      graceful-fs: 4.2.8
    dev: true

  /locate-path/5.0.0:
    resolution: {integrity: sha1-Gvujlq/WdqbUJQTQpno6frn2KqA=, tarball: locate-path/download/locate-path-5.0.0.tgz}
    engines: {node: '>=8'}
    dependencies:
      p-locate: 4.1.0
    dev: true

  /locate-path/6.0.0:
    resolution: {integrity: sha1-VTIeswn+u8WcSAHZMackUqaB0oY=, tarball: locate-path/download/locate-path-6.0.0.tgz}
    engines: {node: '>=10'}
    dependencies:
      p-locate: 5.0.0
    dev: true

  /lodash/4.17.21:
    resolution: {integrity: sha1-Z5WRxWTDv/quhFTPCz3zcMPWkRw=, tarball: lodash/download/lodash-4.17.21.tgz}
    dev: true

  /magic-string/0.25.7:
    resolution: {integrity: sha1-P0l9b9NMZpxnmNy4IfLvMfVEUFE=, tarball: magic-string/download/magic-string-0.25.7.tgz}
    dependencies:
      sourcemap-codec: 1.4.8
    dev: false

  /make-dir/3.1.0:
    resolution: {integrity: sha1-QV6WcEazp/HRhSd9hKpYIDcmoT8=, tarball: make-dir/download/make-dir-3.1.0.tgz}
    engines: {node: '>=8'}
    dependencies:
      semver: 6.3.0
    dev: true

  /make-error/1.3.6:
    resolution: {integrity: sha1-LrLjfqm2fEiR9oShOUeZr0hM96I=, tarball: make-error/download/make-error-1.3.6.tgz}
    dev: true

  /merge-stream/2.0.0:
    resolution: {integrity: sha1-UoI2KaFN0AyXcPtq1H3GMQ8sH2A=, tarball: merge-stream/download/merge-stream-2.0.0.tgz}
    dev: true

  /mimic-fn/2.1.0:
    resolution: {integrity: sha1-ftLCzMyvhNP/y3pptXcR/CCDQBs=, tarball: mimic-fn/download/mimic-fn-2.1.0.tgz}
    engines: {node: '>=6'}
    dev: true

  /nanoid/3.1.30:
    resolution: {integrity: sha512-zJpuPDwOv8D2zq2WRoMe1HsfZthVewpel9CAvTfc/2mBD1uUT/agc5f7GHGWXlYkFvi1mVxe4IjvP2HNrop7nQ==, tarball: nanoid/download/nanoid-3.1.30.tgz}
    engines: {node: ^10 || ^12 || ^13.7 || ^14 || >=15.0.1}
    hasBin: true
    dev: false

  /npm-run-path/4.0.1:
    resolution: {integrity: sha1-t+zR5e1T2o43pV4cImnguX7XSOo=, tarball: npm-run-path/download/npm-run-path-4.0.1.tgz}
    engines: {node: '>=8'}
    dependencies:
      path-key: 3.1.1
    dev: true

  /onetime/5.1.2:
    resolution: {integrity: sha1-0Oluu1awdHbfHdnEgG5SN5hcpF4=, tarball: onetime/download/onetime-5.1.2.tgz}
    engines: {node: '>=6'}
    dependencies:
      mimic-fn: 2.1.0
    dev: true

  /p-limit/2.3.0:
    resolution: {integrity: sha1-PdM8ZHohT9//2DWTPrCG2g3CHbE=, tarball: p-limit/download/p-limit-2.3.0.tgz}
    engines: {node: '>=6'}
    dependencies:
      p-try: 2.2.0
    dev: true

  /p-limit/3.1.0:
    resolution: {integrity: sha1-4drMvnjQ0TiMoYxk/qOOPlfjcGs=, tarball: p-limit/download/p-limit-3.1.0.tgz}
    engines: {node: '>=10'}
    dependencies:
      yocto-queue: 0.1.0
    dev: true

  /p-locate/4.1.0:
    resolution: {integrity: sha1-o0KLtwiLOmApL2aRkni3wpetTwc=, tarball: p-locate/download/p-locate-4.1.0.tgz}
    engines: {node: '>=8'}
    dependencies:
      p-limit: 2.3.0
    dev: true

  /p-locate/5.0.0:
    resolution: {integrity: sha1-g8gxXGeFAF470CGDlBHJ4RDm2DQ=, tarball: p-locate/download/p-locate-5.0.0.tgz}
    engines: {node: '>=10'}
    dependencies:
      p-limit: 3.1.0
    dev: true

  /p-try/2.2.0:
    resolution: {integrity: sha1-yyhoVA4xPWHeWPr741zpAE1VQOY=, tarball: p-try/download/p-try-2.2.0.tgz}
    engines: {node: '>=6'}
    dev: true

  /path-exists/4.0.0:
    resolution: {integrity: sha1-UTvb4tO5XXdi6METfvoZXGxhtbM=, tarball: path-exists/download/path-exists-4.0.0.tgz}
    engines: {node: '>=8'}
    dev: true

  /path-is-network-drive/1.0.10:
    resolution: {integrity: sha1-2dcWTm0FpJ14doE6U+xcSuhqpUI=, tarball: path-is-network-drive/download/path-is-network-drive-1.0.10.tgz}
    dependencies:
      tslib: 2.3.1
    dev: true

  /path-key/3.1.1:
    resolution: {integrity: sha1-WB9q3mWMu6ZaDTOA3ndTKVBU83U=, tarball: path-key/download/path-key-3.1.1.tgz}
    engines: {node: '>=8'}
    dev: true

  /path-parse/1.0.7:
    resolution: {integrity: sha1-+8EUtgykKzDZ2vWFjkvWi77bZzU=, tarball: path-parse/download/path-parse-1.0.7.tgz}
    dev: true

  /path-strip-sep/1.0.7:
    resolution: {integrity: sha1-UfMf1TCZt7pZh2t7nmSSOXRBIj0=, tarball: path-strip-sep/download/path-strip-sep-1.0.7.tgz}
    dependencies:
      tslib: 2.3.1
    dev: true

  /picocolors/1.0.0:
    resolution: {integrity: sha1-y1vcdP8/UYkiNur3nWi8RFZKuBw=, tarball: picocolors/download/picocolors-1.0.0.tgz}
    dev: false

  /picomatch/2.3.0:
    resolution: {integrity: sha1-8fBh3o9qS/AiiS4tEoI0+5gwKXI=, tarball: picomatch/download/picomatch-2.3.0.tgz}
    engines: {node: '>=8.6'}
    dev: true

  /pkg-dir/4.2.0:
    resolution: {integrity: sha1-8JkTPfft5CLoHR2ESCcO6z5CYfM=, tarball: pkg-dir/download/pkg-dir-4.2.0.tgz}
    engines: {node: '>=8'}
    dependencies:
      find-up: 4.1.0
    dev: true

  /pkg-dir/5.0.0:
    resolution: {integrity: sha1-oC1q6+a6EzqSj3Suwguv3+a452A=, tarball: pkg-dir/download/pkg-dir-5.0.0.tgz}
    engines: {node: '>=10'}
    dependencies:
      find-up: 5.0.0
    dev: true

  /postcss/8.4.5:
    resolution: {integrity: sha512-jBDboWM8qpaqwkMwItqTQTiFikhs/67OYVvblFFTM7MrZjt6yMKd6r2kgXizEbTTljacm4NldIlZnhbjr84QYg==, tarball: postcss/download/postcss-8.4.5.tgz}
    engines: {node: ^10 || ^12 || >=14}
    dependencies:
      nanoid: 3.1.30
      picocolors: 1.0.0
      source-map-js: 1.0.1
    dev: false

  /resolve/1.20.0:
    resolution: {integrity: sha1-YpoBP7P3B1XW8LeTXMHCxTeLGXU=, tarball: resolve/download/resolve-1.20.0.tgz}
    dependencies:
      is-core-module: 2.8.0
      path-parse: 1.0.7
    dev: true

  /rollup-plugin-typescript2/0.31.1_ea43de757ec8bcfb90b2886d79278d56:
    resolution: {integrity: sha512-sklqXuQwQX+stKi4kDfEkneVESPi3YM/2S899vfRdF9Yi40vcC50Oq4A4cSZJNXsAQE/UsBZl5fAOsBLziKmjw==, tarball: rollup-plugin-typescript2/download/rollup-plugin-typescript2-0.31.1.tgz}
    peerDependencies:
      rollup: '>=1.26.3'
      typescript: '>=2.4.0'
    dependencies:
      '@rollup/pluginutils': 4.1.2
      '@yarn-tool/resolve-package': 1.0.40_@types+node@17.0.0
      find-cache-dir: 3.3.2
      fs-extra: 8.1.0
      resolve: 1.20.0
      rollup: 2.61.1
      tslib: 2.2.0
      typescript: 4.5.4
    transitivePeerDependencies:
      - '@types/bluebird'
      - '@types/node'
      - ts-toolbelt
    dev: true

  /rollup/2.61.1:
    resolution: {integrity: sha512-BbTXlEvB8d+XFbK/7E5doIcRtxWPRiqr0eb5vQ0+2paMM04Ye4PZY5nHOQef2ix24l/L0SpLd5hwcH15QHPdvA==, tarball: rollup/download/rollup-2.61.1.tgz}
    engines: {node: '>=10.0.0'}
    hasBin: true
    optionalDependencies:
      fsevents: 2.3.2
    dev: true

  /semver/6.3.0:
    resolution: {integrity: sha1-7gpkyK9ejO6mdoexM3YeG+y9HT0=, tarball: semver/download/semver-6.3.0.tgz}
    hasBin: true
    dev: true

  /shebang-command/2.0.0:
    resolution: {integrity: sha1-zNCvT4g1+9wmW4JGGq8MNmY/NOo=, tarball: shebang-command/download/shebang-command-2.0.0.tgz}
    engines: {node: '>=8'}
    dependencies:
      shebang-regex: 3.0.0
    dev: true

  /shebang-regex/3.0.0:
    resolution: {integrity: sha1-rhbxZE2HPsrYQ7AwexQzYtTEIXI=, tarball: shebang-regex/download/shebang-regex-3.0.0.tgz}
    engines: {node: '>=8'}
    dev: true

  /signal-exit/3.0.6:
    resolution: {integrity: sha512-sDl4qMFpijcGw22U5w63KmD3cZJfBuFlVNbVMKje2keoKML7X2UzWbc4XrmEbDwg0NXJc3yv4/ox7b+JWb57kQ==, tarball: signal-exit/download/signal-exit-3.0.6.tgz}
    dev: true

  /source-map-js/1.0.1:
    resolution: {integrity: sha512-4+TN2b3tqOCd/kaGRJ/sTYA0tR0mdXx26ipdolxcwtJVqEnqNYvlCAt1q3ypy4QMlYus+Zh34RNtYLoq2oQ4IA==, tarball: source-map-js/download/source-map-js-1.0.1.tgz}
    engines: {node: '>=0.10.0'}
    dev: false

  /source-map/0.6.1:
    resolution: {integrity: sha1-dHIq8y6WFOnCh6jQu95IteLxomM=, tarball: source-map/download/source-map-0.6.1.tgz}
    engines: {node: '>=0.10.0'}
    dev: false

  /sourcemap-codec/1.4.8:
    resolution: {integrity: sha1-6oBL2UhXQC5pktBaOO8a41qatMQ=, tarball: sourcemap-codec/download/sourcemap-codec-1.4.8.tgz}
    dev: false

  /strip-final-newline/2.0.0:
    resolution: {integrity: sha1-ibhS+y/L6Tb29LMYevsKEsGrWK0=, tarball: strip-final-newline/download/strip-final-newline-2.0.0.tgz}
    engines: {node: '>=6'}
    dev: true

  /ts-node/10.4.0_cb9fa2b677905e47db2aeff929cdeb55:
    resolution: {integrity: sha1-aA+IlFiF9ObPRQ5/DWIj3UBIlfc=, tarball: ts-node/download/ts-node-10.4.0.tgz}
    hasBin: true
    peerDependencies:
      '@swc/core': '>=1.2.50'
      '@swc/wasm': '>=1.2.50'
      '@types/node': '*'
      typescript: '>=2.7'
    peerDependenciesMeta:
      '@swc/core':
        optional: true
      '@swc/wasm':
        optional: true
    dependencies:
      '@cspotcode/source-map-support': 0.7.0
      '@tsconfig/node10': 1.0.8
      '@tsconfig/node12': 1.0.9
      '@tsconfig/node14': 1.0.1
      '@tsconfig/node16': 1.0.2
      '@types/node': 17.0.0
      acorn: 8.6.0
      acorn-walk: 8.2.0
      arg: 4.1.3
      create-require: 1.1.1
      diff: 4.0.2
      make-error: 1.3.6
      typescript: 4.5.4
      yn: 3.1.1
    dev: true

  /ts-type/2.1.2_@types+node@17.0.0:
    resolution: {integrity: sha512-64/2XoaipFXa/bidwXChQCSJ3VaCUVKrEaRPXiP5gLIlkPoAHfnwOMC0EWr42DsTm/+qYYuNwzxc0VQroeDs+g==, tarball: ts-type/download/ts-type-2.1.2.tgz}
    peerDependencies:
      '@types/bluebird': '*'
      '@types/node': '*'
      ts-toolbelt: ^9.6.0
    dependencies:
      '@types/node': 17.0.0
      tslib: 2.3.1
      typedarray-dts: 1.0.0
    dev: true

  /tslib/2.2.0:
    resolution: {integrity: sha1-+yxHWXfjXiQTEe3iaTzuHsZpj1w=, tarball: tslib/download/tslib-2.2.0.tgz}
    dev: true

  /tslib/2.3.1:
    resolution: {integrity: sha1-6KM1rdXOrlGqJh0ypJAVjvBC7wE=, tarball: tslib/download/tslib-2.3.1.tgz}
    dev: true

  /typedarray-dts/1.0.0:
    resolution: {integrity: sha1-neyYEThtv7qWTClcJgbPmmuYLQY=, tarball: typedarray-dts/download/typedarray-dts-1.0.0.tgz}
    dev: true

  /typescript/4.5.4:
    resolution: {integrity: sha512-VgYs2A2QIRuGphtzFV7aQJduJ2gyfTljngLzjpfW9FoYZF6xuw1W0vW9ghCKLfcWrCFxK81CSGRAvS1pn4fIUg==, tarball: typescript/download/typescript-4.5.4.tgz}
    engines: {node: '>=4.2.0'}
    hasBin: true
    dev: true

  /universalify/0.1.2:
    resolution: {integrity: sha1-tkb2m+OULavOzJ1mOcgNwQXvqmY=, tarball: universalify/download/universalify-0.1.2.tgz}
    engines: {node: '>= 4.0.0'}
    dev: true

  /upath2/3.1.10_@types+node@17.0.0:
    resolution: {integrity: sha1-vT3nZSOUYQLQbQDUs3I+Om/3U/Y=, tarball: upath2/download/upath2-3.1.10.tgz}
    peerDependencies:
      '@types/node': '*'
    dependencies:
      '@types/node': 17.0.0
      lodash: 4.17.21
      path-is-network-drive: 1.0.10
      path-strip-sep: 1.0.7
      tslib: 2.3.1
    dev: true

  /vue/3.2.26:
    resolution: {integrity: sha512-KD4lULmskL5cCsEkfhERVRIOEDrfEL9CwAsLYpzptOGjaGFNWo3BQ9g8MAb7RaIO71rmVOziZ/uEN/rHwcUIhg==, tarball: vue/download/vue-3.2.26.tgz}
    dependencies:
      '@vue/compiler-dom': 3.2.26
      '@vue/compiler-sfc': 3.2.26
      '@vue/runtime-dom': 3.2.26
      '@vue/server-renderer': 3.2.26_vue@3.2.26
      '@vue/shared': 3.2.26
    dev: false

  /which/2.0.2:
    resolution: {integrity: sha1-fGqN0KY2oDJ+ELWckobu6T8/UbE=, tarball: which/download/which-2.0.2.tgz}
    engines: {node: '>= 8'}
    hasBin: true
    dependencies:
      isexe: 2.0.0
    dev: true

  /yn/3.1.1:
    resolution: {integrity: sha1-HodAGgnXZ8HV6rJqbkwYUYLS61A=, tarball: yn/download/yn-3.1.1.tgz}
    engines: {node: '>=6'}
    dev: true

  /yocto-queue/0.1.0:
    resolution: {integrity: sha1-ApTrPe4FAo0x7hpfosVWpqrxChs=, tarball: yocto-queue/download/yocto-queue-0.1.0.tgz}
    engines: {node: '>=10'}
    dev: true
